
Microsoft Visual Studio Solution File, Format Version 12.00
# Visual Studio Version 17
VisualStudioVersion = 17.14.36414.22 d17.14
MinimumVisualStudioVersion = 10.0.40219.1
Project("{FAE04EC0-301F-11D3-BF4B-00C04F79EFBC}") = "ProjektLabor", "ProjektLabor\ProjektLabor.csproj", "{767AB45F-FD4E-4620-9BC2-E1B016547682}"
EndProject
Global
	GlobalSection(SolutionConfigurationPlatforms) = preSolution
		Debug|Any CPU = Debug|Any CPU
		Release|Any CPU = Release|Any CPU
	EndGlobalSection
	GlobalSection(ProjectConfigurationPlatforms) = postSolution
		{767AB45F-FD4E-4620-9BC2-E1B016547682}.Debug|Any CPU.ActiveCfg = Debug|Any CPU
		{767AB45F-FD4E-4620-9BC2-E1B016547682}.Debug|Any CPU.Build.0 = Debug|Any CPU
		{767AB45F-FD4E-4620-9BC2-E1B016547682}.Release|Any CPU.ActiveCfg = Release|Any CPU
		{767AB45F-FD4E-4620-9BC2-E1B016547682}.Release|Any CPU.Build.0 = Release|Any CPU
	EndGlobalSection
	GlobalSection(SolutionProperties) = preSolution
		HideSolutionNode = FALSE
	EndGlobalSection
	GlobalSection(ExtensibilityGlobals) = postSolution
		SolutionGuid = {2880293A-97C6-42F3-AE10-D7E36DCBC264}
	EndGlobalSection
EndGlobal
