
Microsoft Visual Studio Solution File, Format Version 12.00
# Visual Studio Version 17
VisualStudioVersion = 17.14.36414.22
MinimumVisualStudioVersion = 10.0.40219.1
Project("{FAE04EC0-301F-11D3-BF4B-00C04F79EFBC}") = "ProjektLabor", "ProjektLabor\ProjektLabor.csproj", "{767AB45F-FD4E-4620-9BC2-E1B016547682}"
EndProject
Project("{FAE04EC0-301F-11D3-BF4B-00C04F79EFBC}") = "ProjektLabor.Tests", "ProjektLabor.Tests\ProjektLabor.Tests.csproj", "{7A600896-E7CC-4931-A2A0-D7C86910AA01}"
EndProject
Global
	GlobalSection(SolutionConfigurationPlatforms) = preSolution
		Debug|Any CPU = Debug|Any CPU
		Debug|x64 = Debug|x64
		Debug|x86 = Debug|x86
		Release|Any CPU = Release|Any CPU
		Release|x64 = Release|x64
		Release|x86 = Release|x86
	EndGlobalSection
	GlobalSection(ProjectConfigurationPlatforms) = postSolution
		{767AB45F-FD4E-4620-9BC2-E1B016547682}.Debug|Any CPU.ActiveCfg = Debug|Any CPU
		{767AB45F-FD4E-4620-9BC2-E1B016547682}.Debug|Any CPU.Build.0 = Debug|Any CPU
		{767AB45F-FD4E-4620-9BC2-E1B016547682}.Debug|x64.ActiveCfg = Debug|Any CPU
		{767AB45F-FD4E-4620-9BC2-E1B016547682}.Debug|x64.Build.0 = Debug|Any CPU
		{767AB45F-FD4E-4620-9BC2-E1B016547682}.Debug|x86.ActiveCfg = Debug|Any CPU
		{767AB45F-FD4E-4620-9BC2-E1B016547682}.Debug|x86.Build.0 = Debug|Any CPU
		{767AB45F-FD4E-4620-9BC2-E1B016547682}.Release|Any CPU.ActiveCfg = Release|Any CPU
		{767AB45F-FD4E-4620-9BC2-E1B016547682}.Release|Any CPU.Build.0 = Release|Any CPU
		{767AB45F-FD4E-4620-9BC2-E1B016547682}.Release|x64.ActiveCfg = Release|Any CPU
		{767AB45F-FD4E-4620-9BC2-E1B016547682}.Release|x64.Build.0 = Release|Any CPU
		{767AB45F-FD4E-4620-9BC2-E1B016547682}.Release|x86.ActiveCfg = Release|Any CPU
		{767AB45F-FD4E-4620-9BC2-E1B016547682}.Release|x86.Build.0 = Release|Any CPU
		{7A600896-E7CC-4931-A2A0-D7C86910AA01}.Debug|Any CPU.ActiveCfg = Debug|Any CPU
		{7A600896-E7CC-4931-A2A0-D7C86910AA01}.Debug|Any CPU.Build.0 = Debug|Any CPU
		{7A600896-E7CC-4931-A2A0-D7C86910AA01}.Debug|x64.ActiveCfg = Debug|Any CPU
		{7A600896-E7CC-4931-A2A0-D7C86910AA01}.Debug|x64.Build.0 = Debug|Any CPU
		{7A600896-E7CC-4931-A2A0-D7C86910AA01}.Debug|x86.ActiveCfg = Debug|Any CPU
		{7A600896-E7CC-4931-A2A0-D7C86910AA01}.Debug|x86.Build.0 = Debug|Any CPU
		{7A600896-E7CC-4931-A2A0-D7C86910AA01}.Release|Any CPU.ActiveCfg = Release|Any CPU
		{7A600896-E7CC-4931-A2A0-D7C86910AA01}.Release|Any CPU.Build.0 = Release|Any CPU
		{7A600896-E7CC-4931-A2A0-D7C86910AA01}.Release|x64.ActiveCfg = Release|Any CPU
		{7A600896-E7CC-4931-A2A0-D7C86910AA01}.Release|x64.Build.0 = Release|Any CPU
		{7A600896-E7CC-4931-A2A0-D7C86910AA01}.Release|x86.ActiveCfg = Release|Any CPU
		{7A600896-E7CC-4931-A2A0-D7C86910AA01}.Release|x86.Build.0 = Release|Any CPU
	EndGlobalSection
	GlobalSection(SolutionProperties) = preSolution
		HideSolutionNode = FALSE
	EndGlobalSection
	GlobalSection(ExtensibilityGlobals) = postSolution
		SolutionGuid = {2880293A-97C6-42F3-AE10-D7E36DCBC264}
	EndGlobalSection
EndGlobal
